
Microsoft Visual Studio Solution File, Format Version 12.00
# Visual Studio Version 17
VisualStudioVersion = 17.5.33530.505
MinimumVisualStudioVersion = 10.0.40219.1
Project("{9A19103F-16F7-4668-BE54-9A1E7A4F7556}") = "TRWORKFLOW.Business", "TRWORKFLOW.Business\TRWORKFLOW.Business.csproj", "{F1DD4761-490C-484B-8334-3781329C1BBC}"
EndProject
Project("{9A19103F-16F7-4668-BE54-9A1E7A4F7556}") = "TRWORKFLOW.DataAccess", "TRWORKFLOW.DataAccess\TRWORKFLOW.DataAccess.csproj", "{A8E9DF70-8C20-4C33-AF80-197615719BF2}"
EndProject
Project("{9A19103F-16F7-4668-BE54-9A1E7A4F7556}") = "TRWORKFLOW.Entities", "TRWORKFLOW.Entities\TRWORKFLOW.Entities.csproj", "{1AE6C918-A25E-4D37-80CB-6BE0A1120B2C}"
EndProject
Project("{9A19103F-16F7-4668-BE54-9A1E7A4F7556}") = "TRWORKFLOW.Core", "TRWORKFLOW.Core\TRWORKFLOW.Core.csproj", "{7DDF5F68-E720-45E4-A8E4-D6E9030658A5}"
EndProject
Project("{FAE04EC0-301F-11D3-BF4B-00C04F79EFBC}") = "TRWORKFLOW", "TRWORKFLOW\TRWORKFLOW.csproj", "{F5588ECB-CCBE-42DF-9826-D7C57BECC403}"
EndProject
Global
	GlobalSection(SolutionConfigurationPlatforms) = preSolution
		Debug|Any CPU = Debug|Any CPU
		Release|Any CPU = Release|Any CPU
	EndGlobalSection
	GlobalSection(ProjectConfigurationPlatforms) = postSolution
		{F1DD4761-490C-484B-8334-3781329C1BBC}.Debug|Any CPU.ActiveCfg = Debug|Any CPU
		{F1DD4761-490C-484B-8334-3781329C1BBC}.Debug|Any CPU.Build.0 = Debug|Any CPU
		{F1DD4761-490C-484B-8334-3781329C1BBC}.Release|Any CPU.ActiveCfg = Release|Any CPU
		{F1DD4761-490C-484B-8334-3781329C1BBC}.Release|Any CPU.Build.0 = Release|Any CPU
		{A8E9DF70-8C20-4C33-AF80-197615719BF2}.Debug|Any CPU.ActiveCfg = Debug|Any CPU
		{A8E9DF70-8C20-4C33-AF80-197615719BF2}.Debug|Any CPU.Build.0 = Debug|Any CPU
		{A8E9DF70-8C20-4C33-AF80-197615719BF2}.Release|Any CPU.ActiveCfg = Release|Any CPU
		{A8E9DF70-8C20-4C33-AF80-197615719BF2}.Release|Any CPU.Build.0 = Release|Any CPU
		{1AE6C918-A25E-4D37-80CB-6BE0A1120B2C}.Debug|Any CPU.ActiveCfg = Debug|Any CPU
		{1AE6C918-A25E-4D37-80CB-6BE0A1120B2C}.Debug|Any CPU.Build.0 = Debug|Any CPU
		{1AE6C918-A25E-4D37-80CB-6BE0A1120B2C}.Release|Any CPU.ActiveCfg = Release|Any CPU
		{1AE6C918-A25E-4D37-80CB-6BE0A1120B2C}.Release|Any CPU.Build.0 = Release|Any CPU
		{7DDF5F68-E720-45E4-A8E4-D6E9030658A5}.Debug|Any CPU.ActiveCfg = Debug|Any CPU
		{7DDF5F68-E720-45E4-A8E4-D6E9030658A5}.Debug|Any CPU.Build.0 = Debug|Any CPU
		{7DDF5F68-E720-45E4-A8E4-D6E9030658A5}.Release|Any CPU.ActiveCfg = Release|Any CPU
		{7DDF5F68-E720-45E4-A8E4-D6E9030658A5}.Release|Any CPU.Build.0 = Release|Any CPU
		{F5588ECB-CCBE-42DF-9826-D7C57BECC403}.Debug|Any CPU.ActiveCfg = Debug|Any CPU
		{F5588ECB-CCBE-42DF-9826-D7C57BECC403}.Debug|Any CPU.Build.0 = Debug|Any CPU
		{F5588ECB-CCBE-42DF-9826-D7C57BECC403}.Release|Any CPU.ActiveCfg = Release|Any CPU
		{F5588ECB-CCBE-42DF-9826-D7C57BECC403}.Release|Any CPU.Build.0 = Release|Any CPU
	EndGlobalSection
	GlobalSection(SolutionProperties) = preSolution
		HideSolutionNode = FALSE
	EndGlobalSection
	GlobalSection(ExtensibilityGlobals) = postSolution
		SolutionGuid = {BAAF8752-DE6A-4832-963D-AC6A3516C867}
	EndGlobalSection
EndGlobal
