
Microsoft Visual Studio Solution File, Format Version 12.00
# Visual Studio Version 17
VisualStudioVersion = 17.5.33530.505
MinimumVisualStudioVersion = 10.0.40219.1
Project("{FAE04EC0-301F-11D3-BF4B-00C04F79EFBC}") = "TRWORKFLOW", "TRWORKFLOW\TRWORKFLOW.csproj", "{B36B3023-0387-4319-9026-C56619964295}"
EndProject
Global
	GlobalSection(SolutionConfigurationPlatforms) = preSolution
		Debug|Any CPU = Debug|Any CPU
		Release|Any CPU = Release|Any CPU
	EndGlobalSection
	GlobalSection(ProjectConfigurationPlatforms) = postSolution
		{B36B3023-0387-4319-9026-C56619964295}.Debug|Any CPU.ActiveCfg = Debug|Any CPU
		{B36B3023-0387-4319-9026-C56619964295}.Debug|Any CPU.Build.0 = Debug|Any CPU
		{B36B3023-0387-4319-9026-C56619964295}.Release|Any CPU.ActiveCfg = Release|Any CPU
		{B36B3023-0387-4319-9026-C56619964295}.Release|Any CPU.Build.0 = Release|Any CPU
	EndGlobalSection
	GlobalSection(SolutionProperties) = preSolution
		HideSolutionNode = FALSE
	EndGlobalSection
	GlobalSection(ExtensibilityGlobals) = postSolution
		SolutionGuid = {BAAF8752-DE6A-4832-963D-AC6A3516C867}
	EndGlobalSection
EndGlobal
